
Microsoft Visual Studio Solution File, Format Version 12.00
# Visual Studio Version 16
VisualStudioVersion = 16.0.29306.81
MinimumVisualStudioVersion = 10.0.40219.1
Project("{9A19103F-16F7-4668-BE54-9A1E7A4F7556}") = "nip24Library", "nip24Library\nip24Library.csproj", "{6AAE68CB-010D-4FAE-8152-2E1BD89CD7E0}"
EndProject
Project("{FAE04EC0-301F-11D3-BF4B-00C04F79EFBC}") = "nip24Example", "nip24Example\nip24Example.csproj", "{B3503509-7290-4BE0-9BCC-44AAEDF9591D}"
EndProject
Project("{FAE04EC0-301F-11D3-BF4B-00C04F79EFBC}") = "nip24Com", "nip24Library\nip24Com.csproj", "{B7A1C7EB-FFB5-4C39-AD79-15CBC44FC466}"
EndProject
Global
	GlobalSection(SolutionConfigurationPlatforms) = preSolution
		Debug|Any CPU = Debug|Any CPU
		Release|Any CPU = Release|Any CPU
	EndGlobalSection
	GlobalSection(ProjectConfigurationPlatforms) = postSolution
		{6AAE68CB-010D-4FAE-8152-2E1BD89CD7E0}.Debug|Any CPU.ActiveCfg = Debug|Any CPU
		{6AAE68CB-010D-4FAE-8152-2E1BD89CD7E0}.Debug|Any CPU.Build.0 = Debug|Any CPU
		{6AAE68CB-010D-4FAE-8152-2E1BD89CD7E0}.Release|Any CPU.ActiveCfg = Release|Any CPU
		{6AAE68CB-010D-4FAE-8152-2E1BD89CD7E0}.Release|Any CPU.Build.0 = Release|Any CPU
		{B3503509-7290-4BE0-9BCC-44AAEDF9591D}.Debug|Any CPU.ActiveCfg = Debug|Any CPU
		{B3503509-7290-4BE0-9BCC-44AAEDF9591D}.Debug|Any CPU.Build.0 = Debug|Any CPU
		{B3503509-7290-4BE0-9BCC-44AAEDF9591D}.Release|Any CPU.ActiveCfg = Release|Any CPU
		{B3503509-7290-4BE0-9BCC-44AAEDF9591D}.Release|Any CPU.Build.0 = Release|Any CPU
		{B7A1C7EB-FFB5-4C39-AD79-15CBC44FC466}.Debug|Any CPU.ActiveCfg = Debug|Any CPU
		{B7A1C7EB-FFB5-4C39-AD79-15CBC44FC466}.Debug|Any CPU.Build.0 = Debug|Any CPU
		{B7A1C7EB-FFB5-4C39-AD79-15CBC44FC466}.Release|Any CPU.ActiveCfg = Release|Any CPU
		{B7A1C7EB-FFB5-4C39-AD79-15CBC44FC466}.Release|Any CPU.Build.0 = Release|Any CPU
	EndGlobalSection
	GlobalSection(SolutionProperties) = preSolution
		HideSolutionNode = FALSE
	EndGlobalSection
	GlobalSection(ExtensibilityGlobals) = postSolution
		SolutionGuid = {D4757910-50F1-4BA6-9B61-A959EE1A14FE}
	EndGlobalSection
EndGlobal
